github.com/boggydigital/nod v0.1.22 h1:6VqiuqxUKSX1FfrSgnc2o/s6+SeIkhksT7tJ5l0BjuQ=
github.com/boggydigital/nod v0.1.22/go.mod h1:jfTSJmcIjL2QwRp3Mi5CnleOzrYL9f67SFPzW09xqoo=
github.com/boggydigital/testo v0.1.8 h1:NKuKLpWKn8gG3dYq8xNrFYHimxoCTdzLOs242q6jeQo=
github.com/boggydigital/testo v0.1.8/go.mod h1:8JTO6UKeQPsHS82vbCH/3NLDfewmr/84vVQ6rNLdCas=
github.com/boggydigital/wits v0.2.3 h1:Z0eB+QlIA18fJmblyV6ZJQ/swPYSFhOxfgMXOQz4/c8=
github.com/boggydigital/wits v0.2.3/go.mod h1:aR/z0vfMLtg0b4hcts0qiSTZcA51O8A2N3U9laqd2Lc=
