github.com/boggydigital/nod v0.1.10/go.mod h1:dienEhm5HTEkFxZLYI+FltcdJANfSNg3UGx0u7L/UZE=
github.com/boggydigital/nod v0.1.21 h1:pQbrgswCuU5dr3IWS1Z902PJAm5BebSLG+Q3aG7KJ+4=
github.com/boggydigital/nod v0.1.21/go.mod h1:bYucIZ3rLHBZKf/3+T+eTSxuijuja7Y6OgU2P6o2/vo=
github.com/boggydigital/testo v0.1.1/go.mod h1:CVNQs3FLWgCb74eHHCdn3E2leUvMFA3rEeU4StWbcOo=
github.com/boggydigital/testo v0.1.8 h1:NKuKLpWKn8gG3dYq8xNrFYHimxoCTdzLOs242q6jeQo=
github.com/boggydigital/testo v0.1.8/go.mod h1:8JTO6UKeQPsHS82vbCH/3NLDfewmr/84vVQ6rNLdCas=
github.com/boggydigital/wits v0.2.3 h1:Z0eB+QlIA18fJmblyV6ZJQ/swPYSFhOxfgMXOQz4/c8=
github.com/boggydigital/wits v0.2.3/go.mod h1:aR/z0vfMLtg0b4hcts0qiSTZcA51O8A2N3U9laqd2Lc=
golang.org/x/exp v0.0.0-20230728194245-b0cb94b80691 h1:/yRP+0AN7mf5DkD3BAI6TOFnd51gEoDEb8o35jIFtgw=
golang.org/x/exp v0.0.0-20230728194245-b0cb94b80691/go.mod h1:FXUEEKJgO7OQYeo8N01OfiKP8RXMtf6e8aTskBGqWdc=
